
Microsoft Visual Studio Solution File, Format Version 12.00
# Visual Studio Version 16
VisualStudioVersion = 16.0.30907.101
MinimumVisualStudioVersion = 10.0.40219.1
Project("{FAE04EC0-301F-11D3-BF4B-00C04F79EFBC}") = "AspNetCore5.JWT.Roles", "AspNetCore5.JWT.Roles\AspNetCore5.JWT.Roles.csproj", "{CA7E0547-CC69-4DD4-95D4-121D44CF722E}"
EndProject
Global
	GlobalSection(SolutionConfigurationPlatforms) = preSolution
		Debug|Any CPU = Debug|Any CPU
		Release|Any CPU = Release|Any CPU
	EndGlobalSection
	GlobalSection(ProjectConfigurationPlatforms) = postSolution
		{CA7E0547-CC69-4DD4-95D4-121D44CF722E}.Debug|Any CPU.ActiveCfg = Debug|Any CPU
		{CA7E0547-CC69-4DD4-95D4-121D44CF722E}.Debug|Any CPU.Build.0 = Debug|Any CPU
		{CA7E0547-CC69-4DD4-95D4-121D44CF722E}.Release|Any CPU.ActiveCfg = Release|Any CPU
		{CA7E0547-CC69-4DD4-95D4-121D44CF722E}.Release|Any CPU.Build.0 = Release|Any CPU
	EndGlobalSection
	GlobalSection(SolutionProperties) = preSolution
		HideSolutionNode = FALSE
	EndGlobalSection
	GlobalSection(ExtensibilityGlobals) = postSolution
		SolutionGuid = {C97966A5-AFFC-49D9-8C02-45A361C3BB80}
	EndGlobalSection
EndGlobal
